
Microsoft Visual Studio Solution File, Format Version 12.00
# Visual Studio Version 17
VisualStudioVersion = 17.8.34525.116
MinimumVisualStudioVersion = 10.0.40219.1
Project("{FAE04EC0-301F-11D3-BF4B-00C04F79EFBC}") = "FinanceControl", "FinanceControl\FinanceControl.csproj", "{0EF37784-AB4C-45F2-AA53-9DAD879DE209}"
EndProject
Global
	GlobalSection(SolutionConfigurationPlatforms) = preSolution
		Debug|Any CPU = Debug|Any CPU
		Release|Any CPU = Release|Any CPU
	EndGlobalSection
	GlobalSection(ProjectConfigurationPlatforms) = postSolution
		{0EF37784-AB4C-45F2-AA53-9DAD879DE209}.Debug|Any CPU.ActiveCfg = Debug|Any CPU
		{0EF37784-AB4C-45F2-AA53-9DAD879DE209}.Debug|Any CPU.Build.0 = Debug|Any CPU
		{0EF37784-AB4C-45F2-AA53-9DAD879DE209}.Release|Any CPU.ActiveCfg = Release|Any CPU
		{0EF37784-AB4C-45F2-AA53-9DAD879DE209}.Release|Any CPU.Build.0 = Release|Any CPU
	EndGlobalSection
	GlobalSection(SolutionProperties) = preSolution
		HideSolutionNode = FALSE
	EndGlobalSection
	GlobalSection(ExtensibilityGlobals) = postSolution
		SolutionGuid = {BFB990F6-F2CA-4C34-AFF3-7320DC17FD15}
	EndGlobalSection
EndGlobal
